// !$*UTF8*$!
{
	archiveVersion = 1;
	classes = {
	};
	objectVersion = 46;
	objects = {

/* Begin PBXBuildFile section */
		476447E61AF37F3800FFB447 /* main.m in Sources */ = {isa = PBXBuildFile; fileRef = 476447E51AF37F3800FFB447 /* main.m */; };
		476447E91AF37F3800FFB447 /* AppDelegate.m in Sources */ = {isa = PBXBuildFile; fileRef = 476447E81AF37F3800FFB447 /* AppDelegate.m */; };
		476447EF1AF37F3800FFB447 /* Main.storyboard in Resources */ = {isa = PBXBuildFile; fileRef = 476447ED1AF37F3800FFB447 /* Main.storyboard */; };
		476447F11AF37F3800FFB447 /* Images.xcassets in Resources */ = {isa = PBXBuildFile; fileRef = 476447F01AF37F3800FFB447 /* Images.xcassets */; };
		476447F41AF37F3800FFB447 /* LaunchScreen.xib in Resources */ = {isa = PBXBuildFile; fileRef = 476447F21AF37F3800FFB447 /* LaunchScreen.xib */; };
		476448001AF37F3800FFB447 /* QQ____Tests.m in Sources */ = {isa = PBXBuildFile; fileRef = 476447FF1AF37F3800FFB447 /* QQ____Tests.m */; };
/* End PBXBuildFile section */

/* Begin PBXContainerItemProxy section */
		476447FA1AF37F3800FFB447 /* PBXContainerItemProxy */ = {
			isa = PBXContainerItemProxy;
			containerPortal = 476447D81AF37F3700FFB447 /* Project object */;
			proxyType = 1;
			remoteGlobalIDString = 476447DF1AF37F3800FFB447;
			remoteInfo = "QQ主流框架";
		};
/* End PBXContainerItemProxy section */

/* Begin PBXFileReference section */
		476447E01AF37F3800FFB447 /* QQ主流框架.app */ = {isa = PBXFileReference; explicitFileType = wrapper.application; includeInIndex = 0; path = "QQ主流框架.app"; sourceTree = BUILT_PRODUCTS_DIR; };
		476447E41AF37F3800FFB447 /* Info.plist */ = {isa = PBXFileReference; lastKnownFileType = text.plist.xml; path = Info.plist; sourceTree = "<group>"; };
		476447E51AF37F3800FFB447 /* main.m */ = {isa = PBXFileReference; lastKnownFileType = sourcecode.c.objc; path = main.m; sourceTree = "<group>"; };
		476447E71AF37F3800FFB447 /* AppDelegate.h */ = {isa = PBXFileReference; lastKnownFileType = sourcecode.c.h; path = AppDelegate.h; sourceTree = "<group>"; };
		476447E81AF37F3800FFB447 /* AppDelegate.m */ = {isa = PBXFileReference; lastKnownFileType = sourcecode.c.objc; path = AppDelegate.m; sourceTree = "<group>"; };
		476447EE1AF37F3800FFB447 /* Base */ = {isa = PBXFileReference; lastKnownFileType = file.storyboard; name = Base; path = Base.lproj/Main.storyboard; sourceTree = "<group>"; };
		476447F01AF37F3800FFB447 /* Images.xcassets */ = {isa = PBXFileReference; lastKnownFileType = folder.assetcatalog; path = Images.xcassets; sourceTree = "<group>"; };
		476447F31AF37F3800FFB447 /* Base */ = {isa = PBXFileReference; lastKnownFileType = file.xib; name = Base; path = Base.lproj/LaunchScreen.xib; sourceTree = "<group>"; };
		476447F91AF37F3800FFB447 /* QQ主流框架Tests.xctest */ = {isa = PBXFileReference; explicitFileType = wrapper.cfbundle; includeInIndex = 0; path = "QQ主流框架Tests.xctest"; sourceTree = BUILT_PRODUCTS_DIR; };
		476447FE1AF37F3800FFB447 /* Info.plist */ = {isa = PBXFileReference; lastKnownFileType = text.plist.xml; path = Info.plist; sourceTree = "<group>"; };
		476447FF1AF37F3800FFB447 /* QQ____Tests.m */ = {isa = PBXFileReference; lastKnownFileType = sourcecode.c.objc; path = "QQ____Tests.m"; sourceTree = "<group>"; };
/* End PBXFileReference section */

/* Begin PBXFrameworksBuildPhase section */
		476447DD1AF37F3800FFB447 /* Frameworks */ = {
			isa = PBXFrameworksBuildPhase;
			buildActionMask = 2147483647;
			files = (
			);
			runOnlyForDeploymentPostprocessing = 0;
		};
		476447F61AF37F3800FFB447 /* Frameworks */ = {
			isa = PBXFrameworksBuildPhase;
			buildActionMask = 2147483647;
			files = (
			);
			runOnlyForDeploymentPostprocessing = 0;
		};
/* End PBXFrameworksBuildPhase section */

/* Begin PBXGroup section */
		476447D71AF37F3700FFB447 = {
			isa = PBXGroup;
			children = (
				476447E21AF37F3800FFB447 /* QQ主流框架 */,
				476447FC1AF37F3800FFB447 /* QQ主流框架Tests */,
				476447E11AF37F3800FFB447 /* Products */,
			);
			sourceTree = "<group>";
		};
		476447E11AF37F3800FFB447 /* Products */ = {
			isa = PBXGroup;
			children = (
				476447E01AF37F3800FFB447 /* QQ主流框架.app */,
				476447F91AF37F3800FFB447 /* QQ主流框架Tests.xctest */,
			);
			name = Products;
			sourceTree = "<group>";
		};
		476447E21AF37F3800FFB447 /* QQ主流框架 */ = {
			isa = PBXGroup;
			children = (
				476447E71AF37F3800FFB447 /* AppDelegate.h */,
				476447E81AF37F3800FFB447 /* AppDelegate.m */,
				476447ED1AF37F3800FFB447 /* Main.storyboard */,
				476447F01AF37F3800FFB447 /* Images.xcassets */,
				476447F21AF37F3800FFB447 /* LaunchScreen.xib */,
				476447E31AF37F3800FFB447 /* Supporting Files */,
			);
			path = "QQ主流框架";
			sourceTree = "<group>";
		};
		476447E31AF37F3800FFB447 /* Supporting Files */ = {
			isa = PBXGroup;
			children = (
				476447E41AF37F3800FFB447 /* Info.plist */,
				476447E51AF37F3800FFB447 /* main.m */,
			);
			name = "Supporting Files";
			sourceTree = "<group>";
		};
		476447FC1AF37F3800FFB447 /* QQ主流框架Tests */ = {
			isa = PBXGroup;
			children = (
				476447FF1AF37F3800FFB447 /* QQ____Tests.m */,
				476447FD1AF37F3800FFB447 /* Supporting Files */,
			);
			path = "QQ主流框架Tests";
			sourceTree = "<group>";
		};
		476447FD1AF37F3800FFB447 /* Supporting Files */ = {
			isa = PBXGroup;
			children = (
				476447FE1AF37F3800FFB447 /* Info.plist */,
			);
			name = "Supporting Files";
			sourceTree = "<group>";
		};
/* End PBXGroup section */

/* Begin PBXNativeTarget section */
		476447DF1AF37F3800FFB447 /* QQ主流框架 */ = {
			isa = PBXNativeTarget;
			buildConfigurationList = 476448031AF37F3800FFB447 /* Build configuration list for PBXNativeTarget "QQ主流框架" */;
			buildPhases = (
				476447DC1AF37F3800FFB447 /* Sources */,
				476447DD1AF37F3800FFB447 /* Frameworks */,
				476447DE1AF37F3800FFB447 /* Resources */,
			);
			buildRules = (
			);
			dependencies = (
			);
			name = "QQ主流框架";
			productName = "QQ主流框架";
			productReference = 476447E01AF37F3800FFB447 /* QQ主流框架.app */;
			productType = "com.apple.product-type.application";
		};
		476447F81AF37F3800FFB447 /* QQ主流框架Tests */ = {
			isa = PBXNativeTarget;
			buildConfigurationList = 476448061AF37F3800FFB447 /* Build configuration list for PBXNativeTarget "QQ主流框架Tests" */;
			buildPhases = (
				476447F51AF37F3800FFB447 /* Sources */,
				476447F61AF37F3800FFB447 /* Frameworks */,
				476447F71AF37F3800FFB447 /* Resources */,
			);
			buildRules = (
			);
			dependencies = (
				476447FB1AF37F3800FFB447 /* PBXTargetDependency */,
			);
			name = "QQ主流框架Tests";
			productName = "QQ主流框架Tests";
			productReference = 476447F91AF37F3800FFB447 /* QQ主流框架Tests.xctest */;
			productType = "com.apple.product-type.bundle.unit-test";
		};
/* End PBXNativeTarget section */

/* Begin PBXProject section */
		476447D81AF37F3700FFB447 /* Project object */ = {
			isa = PBXProject;
			attributes = {
				LastUpgradeCheck = 0630;
				ORGANIZATIONNAME = "樊樊帅";
				TargetAttributes = {
					476447DF1AF37F3800FFB447 = {
						CreatedOnToolsVersion = 6.3.1;
					};
					476447F81AF37F3800FFB447 = {
						CreatedOnToolsVersion = 6.3.1;
						TestTargetID = 476447DF1AF37F3800FFB447;
					};
				};
			};
			buildConfigurationList = 476447DB1AF37F3700FFB447 /* Build configuration list for PBXProject "QQ主流框架" */;
			compatibilityVersion = "Xcode 3.2";
			developmentRegion = English;
			hasScannedForEncodings = 0;
			knownRegions = (
				en,
				Base,
			);
			mainGroup = 476447D71AF37F3700FFB447;
			productRefGroup = 476447E11AF37F3800FFB447 /* Products */;
			projectDirPath = "";
			projectRoot = "";
			targets = (
				476447DF1AF37F3800FFB447 /* QQ主流框架 */,
				476447F81AF37F3800FFB447 /* QQ主流框架Tests */,
			);
		};
/* End PBXProject section */

/* Begin PBXResourcesBuildPhase section */
		476447DE1AF37F3800FFB447 /* Resources */ = {
			isa = PBXResourcesBuildPhase;
			buildActionMask = 2147483647;
			files = (
				476447EF1AF37F3800FFB447 /* Main.storyboard in Resources */,
				476447F41AF37F3800FFB447 /* LaunchScreen.xib in Resources */,
				476447F11AF37F3800FFB447 /* Images.xcassets in Resources */,
			);
			runOnlyForDeploymentPostprocessing = 0;
		};
		476447F71AF37F3800FFB447 /* Resources */ = {
			isa = PBXResourcesBuildPhase;
			buildActionMask = 2147483647;
			files = (
			);
			runOnlyForDeploymentPostprocessing = 0;
		};
/* End PBXResourcesBuildPhase section */

/* Begin PBXSourcesBuildPhase section */
		476447DC1AF37F3800FFB447 /* Sources */ = {
			isa = PBXSourcesBuildPhase;
			buildActionMask = 2147483647;
			files = (
				476447E91AF37F3800FFB447 /* AppDelegate.m in Sources */,
				476447E61AF37F3800FFB447 /* main.m in Sources */,
			);
			runOnlyForDeploymentPostprocessing = 0;
		};
		476447F51AF37F3800FFB447 /* Sources */ = {
			isa = PBXSourcesBuildPhase;
			buildActionMask = 2147483647;
			files = (
				476448001AF37F3800FFB447 /* QQ____Tests.m in Sources */,
			);
			runOnlyForDeploymentPostprocessing = 0;
		};
/* End PBXSourcesBuildPhase section */

/* Begin PBXTargetDependency section */
		476447FB1AF37F3800FFB447 /* PBXTargetDependency */ = {
			isa = PBXTargetDependency;
			target = 476447DF1AF37F3800FFB447 /* QQ主流框架 */;
			targetProxy = 476447FA1AF37F3800FFB447 /* PBXContainerItemProxy */;
		};
/* End PBXTargetDependency section */

/* Begin PBXVariantGroup section */
		476447ED1AF37F3800FFB447 /* Main.storyboard */ = {
			isa = PBXVariantGroup;
			children = (
				476447EE1AF37F3800FFB447 /* Base */,
			);
			name = Main.storyboard;
			sourceTree = "<group>";
		};
		476447F21AF37F3800FFB447 /* LaunchScreen.xib */ = {
			isa = PBXVariantGroup;
			children = (
				476447F31AF37F3800FFB447 /* Base */,
			);
			name = LaunchScreen.xib;
			sourceTree = "<group>";
		};
/* End PBXVariantGroup section */

/* Begin XCBuildConfiguration section */
		476448011AF37F3800FFB447 /* Debug */ = {
			isa = XCBuildConfiguration;
			buildSettings = {
				ALWAYS_SEARCH_USER_PATHS = NO;
				CLANG_CXX_LANGUAGE_STANDARD = "gnu++0x";
				CLANG_CXX_LIBRARY = "libc++";
				CLANG_ENABLE_MODULES = YES;
				CLANG_ENABLE_OBJC_ARC = YES;
				CLANG_WARN_BOOL_CONVERSION = YES;
				CLANG_WARN_CONSTANT_CONVERSION = YES;
				CLANG_WARN_DIRECT_OBJC_ISA_USAGE = YES_ERROR;
				CLANG_WARN_EMPTY_BODY = YES;
				CLANG_WARN_ENUM_CONVERSION = YES;
				CLANG_WARN_INT_CONVERSION = YES;
				CLANG_WARN_OBJC_ROOT_CLASS = YES_ERROR;
				CLANG_WARN_UNREACHABLE_CODE = YES;
				CLANG_WARN__DUPLICATE_METHOD_MATCH = YES;
				"CODE_SIGN_IDENTITY[sdk=iphoneos*]" = "iPhone Developer";
				COPY_PHASE_STRIP = NO;
				DEBUG_INFORMATION_FORMAT = "dwarf-with-dsym";
				ENABLE_STRICT_OBJC_MSGSEND = YES;
				GCC_C_LANGUAGE_STANDARD = gnu99;
				GCC_DYNAMIC_NO_PIC = NO;
				GCC_NO_COMMON_BLOCKS = YES;
				GCC_OPTIMIZATION_LEVEL = 0;
				GCC_PREPROCESSOR_DEFINITIONS = (
					"DEBUG=1",
					"$(inherited)",
				);
				GCC_SYMBOLS_PRIVATE_EXTERN = NO;
				GCC_WARN_64_TO_32_BIT_CONVERSION = YES;
				GCC_WARN_ABOUT_RETURN_TYPE = YES_ERROR;
				GCC_WARN_UNDECLARED_SELECTOR = YES;
				GCC_WARN_UNINITIALIZED_AUTOS = YES_AGGRESSIVE;
				GCC_WARN_UNUSED_FUNCTION = YES;
				GCC_WARN_UNUSED_VARIABLE = YES;
				IPHONEOS_DEPLOYMENT_TARGET = 8.3;
				MTL_ENABLE_DEBUG_INFO = YES;
				ONLY_ACTIVE_ARCH = YES;
				SDKROOT = iphoneos;
			};
			name = Debug;
		};
		476448021AF37F3800FFB447 /* Release */ = {
			isa = XCBuildConfiguration;
			buildSettings = {
				ALWAYS_SEARCH_USER_PATHS = NO;
				CLANG_CXX_LANGUAGE_STANDARD = "gnu++0x";
				CLANG_CXX_LIBRARY = "libc++";
				CLANG_ENABLE_MODULES = YES;
				CLANG_ENABLE_OBJC_ARC = YES;
				CLANG_WARN_BOOL_CONVERSION = YES;
				CLANG_WARN_CONSTANT_CONVERSION = YES;
				CLANG_WARN_DIRECT_OBJC_ISA_USAGE = YES_ERROR;
				CLANG_WARN_EMPTY_BODY = YES;
				CLANG_WARN_ENUM_CONVERSION = YES;
				CLANG_WARN_INT_CONVERSION = YES;
				CLANG_WARN_OBJC_ROOT_CLASS = YES_ERROR;
				CLANG_WARN_UNREACHABLE_CODE = YES;
				CLANG_WARN__DUPLICATE_METHOD_MATCH = YES;
				"CODE_SIGN_IDENTITY[sdk=iphoneos*]" = "iPhone Developer";
				COPY_PHASE_STRIP = NO;
				DEBUG_INFORMATION_FORMAT = "dwarf-with-dsym";
				ENABLE_NS_ASSERTIONS = NO;
				ENABLE_STRICT_OBJC_MSGSEND = YES;
				GCC_C_LANGUAGE_STANDARD = gnu99;
				GCC_NO_COMMON_BLOCKS = YES;
				GCC_WARN_64_TO_32_BIT_CONVERSION = YES;
				GCC_WARN_ABOUT_RETURN_TYPE = YES_ERROR;
				GCC_WARN_UNDECLARED_SELECTOR = YES;
				GCC_WARN_UNINITIALIZED_AUTOS = YES_AGGRESSIVE;
				GCC_WARN_UNUSED_FUNCTION = YES;
				GCC_WARN_UNUSED_VARIABLE = YES;
				IPHONEOS_DEPLOYMENT_TARGET = 8.3;
				MTL_ENABLE_DEBUG_INFO = NO;
				SDKROOT = iphoneos;
				VALIDATE_PRODUCT = YES;
			};
			name = Release;
		};
		476448041AF37F3800FFB447 /* Debug */ = {
			isa = XCBuildConfiguration;
			buildSettings = {
				ASSETCATALOG_COMPILER_APPICON_NAME = AppIcon;
				INFOPLIST_FILE = "QQ主流框架/Info.plist";
				LD_RUNPATH_SEARCH_PATHS = "$(inherited) @executable_path/Frameworks";
				PRODUCT_NAME = "$(TARGET_NAME)";
			};
			name = Debug;
		};
		476448051AF37F3800FFB447 /* Release */ = {
			isa = XCBuildConfiguration;
			buildSettings = {
				ASSETCATALOG_COMPILER_APPICON_NAME = AppIcon;
				INFOPLIST_FILE = "QQ主流框架/Info.plist";
				LD_RUNPATH_SEARCH_PATHS = "$(inherited) @executable_path/Frameworks";
				PRODUCT_NAME = "$(TARGET_NAME)";
			};
			name = Release;
		};
		476448071AF37F3800FFB447 /* Debug */ = {
			isa = XCBuildConfiguration;
			buildSettings = {
				BUNDLE_LOADER = "$(TEST_HOST)";
				FRAMEWORK_SEARCH_PATHS = (
					"$(SDKROOT)/Developer/Library/Frameworks",
					"$(inherited)",
				);
				GCC_PREPROCESSOR_DEFINITIONS = (
					"DEBUG=1",
					"$(inherited)",
				);
				INFOPLIST_FILE = "QQ主流框架Tests/Info.plist";
				LD_RUNPATH_SEARCH_PATHS = "$(inherited) @executable_path/Frameworks @loader_path/Frameworks";
				PRODUCT_NAME = "$(TARGET_NAME)";
				TEST_HOST = "$(BUILT_PRODUCTS_DIR)/QQ主流框架.app/QQ主流框架";
			};
			name = Debug;
		};
		476448081AF37F3800FFB447 /* Release */ = {
			isa = XCBuildConfiguration;
			buildSettings = {
				BUNDLE_LOADER = "$(TEST_HOST)";
				FRAMEWORK_SEARCH_PATHS = (
					"$(SDKROOT)/Developer/Library/Frameworks",
					"$(inherited)",
				);
				INFOPLIST_FILE = "QQ主流框架Tests/Info.plist";
				LD_RUNPATH_SEARCH_PATHS = "$(inherited) @executable_path/Frameworks @loader_path/Frameworks";
				PRODUCT_NAME = "$(TARGET_NAME)";
				TEST_HOST = "$(BUILT_PRODUCTS_DIR)/QQ主流框架.app/QQ主流框架";
			};
			name = Release;
		};
/* End XCBuildConfiguration section */

/* Begin XCConfigurationList section */
		476447DB1AF37F3700FFB447 /* Build configuration list for PBXProject "QQ主流框架" */ = {
			isa = XCConfigurationList;
			buildConfigurations = (
				476448011AF37F3800FFB447 /* Debug */,
				476448021AF37F3800FFB447 /* Release */,
			);
			defaultConfigurationIsVisible = 0;
			defaultConfigurationName = Release;
		};
		476448031AF37F3800FFB447 /* Build configuration list for PBXNativeTarget "QQ主流框架" */ = {
			isa = XCConfigurationList;
			buildConfigurations = (
				476448041AF37F3800FFB447 /* Debug */,
				476448051AF37F3800FFB447 /* Release */,
			);
			defaultConfigurationIsVisible = 0;
		};
		476448061AF37F3800FFB447 /* Build configuration list for PBXNativeTarget "QQ主流框架Tests" */ = {
			isa = XCConfigurationList;
			buildConfigurations = (
				476448071AF37F3800FFB447 /* Debug */,
				476448081AF37F3800FFB447 /* Release */,
			);
			defaultConfigurationIsVisible = 0;
		};
/* End XCConfigurationList section */
	};
	rootObject = 476447D81AF37F3700FFB447 /* Project object */;
}
